
Microsoft Visual Studio Solution File, Format Version 12.00
# Visual Studio Version 17
VisualStudioVersion = 17.7.34018.315
MinimumVisualStudioVersion = 10.0.40219.1
Project("{888888A0-9F3D-457C-B088-3A5042F75D52}") = "number_guessing_game", "number_guessing_game\number_guessing_game.pyproj", "{4ADCEDEF-D1A8-4A3B-BE24-A7AB33EA4287}"
EndProject
Global
	GlobalSection(SolutionConfigurationPlatforms) = preSolution
		Debug|Any CPU = Debug|Any CPU
		Release|Any CPU = Release|Any CPU
	EndGlobalSection
	GlobalSection(ProjectConfigurationPlatforms) = postSolution
		{4ADCEDEF-D1A8-4A3B-BE24-A7AB33EA4287}.Debug|Any CPU.ActiveCfg = Debug|Any CPU
		{4ADCEDEF-D1A8-4A3B-BE24-A7AB33EA4287}.Release|Any CPU.ActiveCfg = Release|Any CPU
	EndGlobalSection
	GlobalSection(SolutionProperties) = preSolution
		HideSolutionNode = FALSE
	EndGlobalSection
	GlobalSection(ExtensibilityGlobals) = postSolution
		SolutionGuid = {18F2D0D8-EBE7-498D-A8F0-E8546AAD3399}
	EndGlobalSection
EndGlobal
